{
  "name": "orenjinari",
  "lockfileVersion": 3,
  "requires": true,
  "packages": {
    "": {
      "dependencies": {
        "kireji": "^0.8.0"
      }
    },
    "node_modules/kireji": {
      "version": "0.8.0",
      "resolved": "https://registry.npmjs.org/kireji/-/kireji-0.8.0.tgz",
      "integrity": "sha512-Kj1RR35XJjNS8pEUtTeCznYMG70JgoKRdYEbGLv+6epy1B8RN24IFIj41jC4Y/CZ1zFzoNYRPvn2rWhfO0McPQ==",
      "license": "MIT",
      "bin": {
        "kireji": "src/build.js"
      }
    }
  }
}
